
Microsoft Visual Studio Solution File, Format Version 12.00
# Visual Studio 15
VisualStudioVersion = 15.0.27130.2003
MinimumVisualStudioVersion = 10.0.40219.1
Project("{2150E333-8FDC-42A3-9474-1A3956D46DE8}") = "Domain", "Domain", "{34D27079-2CB0-4888-851B-A9A50C35FC87}"
EndProject
Project("{2150E333-8FDC-42A3-9474-1A3956D46DE8}") = "Infra.Bus", "Infra.Bus", "{C2923231-13B5-42E9-A8B8-284850794F22}"
EndProject
Project("{2150E333-8FDC-42A3-9474-1A3956D46DE8}") = "Infra.IoC", "Infra.IoC", "{D1A91788-E45E-43E6-914B-D2912D5A081C}"
EndProject
Project("{2150E333-8FDC-42A3-9474-1A3956D46DE8}") = "Microservices", "Microservices", "{5EEDDC10-4595-4D03-BBC4-CCF84D3C9858}"
EndProject
Project("{2150E333-8FDC-42A3-9474-1A3956D46DE8}") = "Presentation", "Presentation", "{CD44E909-6B3E-44FE-BA89-C311A47618AF}"
EndProject
Project("{9A19103F-16F7-4668-BE54-9A1E7A4F7556}") = "MicroRabbit.Domain.Core", "MicroRabbit.Domain.Core\MicroRabbit.Domain.Core.csproj", "{5E4A6F86-5FFD-4601-A6A8-34E75B6993D1}"
EndProject
Project("{FAE04EC0-301F-11D3-BF4B-00C04F79EFBC}") = "MicroRabbit.Infra.Bus", "MicroRabbit.Infra.Bus\MicroRabbit.Infra.Bus.csproj", "{BB63A1F6-444C-48F6-8953-BC17386FB472}"
EndProject
Project("{FAE04EC0-301F-11D3-BF4B-00C04F79EFBC}") = "MicroRabbit.Infra.IoC", "MicroRabbit.Infra.IoC\MicroRabbit.Infra.IoC.csproj", "{E1D55F3F-1266-42C1-8397-E0A21EA11879}"
EndProject
Project("{2150E333-8FDC-42A3-9474-1A3956D46DE8}") = "Banking", "Banking", "{24C4EBCF-53B7-4303-B847-401E1D19D053}"
EndProject
Project("{2150E333-8FDC-42A3-9474-1A3956D46DE8}") = "Api", "Api", "{A0CB0304-EC5D-4D15-A430-EE4C9332C704}"
EndProject
Project("{2150E333-8FDC-42A3-9474-1A3956D46DE8}") = "Domain", "Domain", "{167177B4-808F-443D-94CC-FBE05837E8CF}"
EndProject
Project("{2150E333-8FDC-42A3-9474-1A3956D46DE8}") = "Application", "Application", "{16C92DFD-C2BC-4B21-9B68-5857E2D6AF9E}"
EndProject
Project("{2150E333-8FDC-42A3-9474-1A3956D46DE8}") = "Data", "Data", "{206B4B52-7B45-44D2-A4DF-A555D91AC66F}"
EndProject
Project("{FAE04EC0-301F-11D3-BF4B-00C04F79EFBC}") = "MicroRabbit.Banking.Api", "MicroRabbit.Banking.Api\MicroRabbit.Banking.Api.csproj", "{285D9D8F-4420-488C-939F-B1A52783C58F}"
EndProject
Project("{FAE04EC0-301F-11D3-BF4B-00C04F79EFBC}") = "MicroRabbit.Banking.Application", "MicroRabbit.Banking.Application\MicroRabbit.Banking.Application.csproj", "{7F1A89EE-9906-407D-8EA2-CD1F4D3CC156}"
EndProject
Project("{FAE04EC0-301F-11D3-BF4B-00C04F79EFBC}") = "MicroRabbit.Banking.Data", "MicroRabbit.Banking.Data\MicroRabbit.Banking.Data.csproj", "{A2EDCECE-09AA-4A22-9FEC-C74F1727C5EC}"
EndProject
Project("{FAE04EC0-301F-11D3-BF4B-00C04F79EFBC}") = "MicroRabbit.Banking.Domain", "MicroRabbit.Banking.Domain\MicroRabbit.Banking.Domain.csproj", "{D9A41C0C-0FBE-43FB-B9F4-0403F0AEBCEA}"
EndProject
Global
	GlobalSection(SolutionConfigurationPlatforms) = preSolution
		Debug|Any CPU = Debug|Any CPU
		Release|Any CPU = Release|Any CPU
	EndGlobalSection
	GlobalSection(ProjectConfigurationPlatforms) = postSolution
		{5E4A6F86-5FFD-4601-A6A8-34E75B6993D1}.Debug|Any CPU.ActiveCfg = Debug|Any CPU
		{5E4A6F86-5FFD-4601-A6A8-34E75B6993D1}.Debug|Any CPU.Build.0 = Debug|Any CPU
		{5E4A6F86-5FFD-4601-A6A8-34E75B6993D1}.Release|Any CPU.ActiveCfg = Release|Any CPU
		{5E4A6F86-5FFD-4601-A6A8-34E75B6993D1}.Release|Any CPU.Build.0 = Release|Any CPU
		{BB63A1F6-444C-48F6-8953-BC17386FB472}.Debug|Any CPU.ActiveCfg = Debug|Any CPU
		{BB63A1F6-444C-48F6-8953-BC17386FB472}.Debug|Any CPU.Build.0 = Debug|Any CPU
		{BB63A1F6-444C-48F6-8953-BC17386FB472}.Release|Any CPU.ActiveCfg = Release|Any CPU
		{BB63A1F6-444C-48F6-8953-BC17386FB472}.Release|Any CPU.Build.0 = Release|Any CPU
		{E1D55F3F-1266-42C1-8397-E0A21EA11879}.Debug|Any CPU.ActiveCfg = Debug|Any CPU
		{E1D55F3F-1266-42C1-8397-E0A21EA11879}.Debug|Any CPU.Build.0 = Debug|Any CPU
		{E1D55F3F-1266-42C1-8397-E0A21EA11879}.Release|Any CPU.ActiveCfg = Release|Any CPU
		{E1D55F3F-1266-42C1-8397-E0A21EA11879}.Release|Any CPU.Build.0 = Release|Any CPU
		{285D9D8F-4420-488C-939F-B1A52783C58F}.Debug|Any CPU.ActiveCfg = Debug|Any CPU
		{285D9D8F-4420-488C-939F-B1A52783C58F}.Debug|Any CPU.Build.0 = Debug|Any CPU
		{285D9D8F-4420-488C-939F-B1A52783C58F}.Release|Any CPU.ActiveCfg = Release|Any CPU
		{285D9D8F-4420-488C-939F-B1A52783C58F}.Release|Any CPU.Build.0 = Release|Any CPU
		{7F1A89EE-9906-407D-8EA2-CD1F4D3CC156}.Debug|Any CPU.ActiveCfg = Debug|Any CPU
		{7F1A89EE-9906-407D-8EA2-CD1F4D3CC156}.Debug|Any CPU.Build.0 = Debug|Any CPU
		{7F1A89EE-9906-407D-8EA2-CD1F4D3CC156}.Release|Any CPU.ActiveCfg = Release|Any CPU
		{7F1A89EE-9906-407D-8EA2-CD1F4D3CC156}.Release|Any CPU.Build.0 = Release|Any CPU
		{A2EDCECE-09AA-4A22-9FEC-C74F1727C5EC}.Debug|Any CPU.ActiveCfg = Debug|Any CPU
		{A2EDCECE-09AA-4A22-9FEC-C74F1727C5EC}.Debug|Any CPU.Build.0 = Debug|Any CPU
		{A2EDCECE-09AA-4A22-9FEC-C74F1727C5EC}.Release|Any CPU.ActiveCfg = Release|Any CPU
		{A2EDCECE-09AA-4A22-9FEC-C74F1727C5EC}.Release|Any CPU.Build.0 = Release|Any CPU
		{D9A41C0C-0FBE-43FB-B9F4-0403F0AEBCEA}.Debug|Any CPU.ActiveCfg = Debug|Any CPU
		{D9A41C0C-0FBE-43FB-B9F4-0403F0AEBCEA}.Debug|Any CPU.Build.0 = Debug|Any CPU
		{D9A41C0C-0FBE-43FB-B9F4-0403F0AEBCEA}.Release|Any CPU.ActiveCfg = Release|Any CPU
		{D9A41C0C-0FBE-43FB-B9F4-0403F0AEBCEA}.Release|Any CPU.Build.0 = Release|Any CPU
	EndGlobalSection
	GlobalSection(SolutionProperties) = preSolution
		HideSolutionNode = FALSE
	EndGlobalSection
	GlobalSection(NestedProjects) = preSolution
		{5E4A6F86-5FFD-4601-A6A8-34E75B6993D1} = {34D27079-2CB0-4888-851B-A9A50C35FC87}
		{BB63A1F6-444C-48F6-8953-BC17386FB472} = {C2923231-13B5-42E9-A8B8-284850794F22}
		{E1D55F3F-1266-42C1-8397-E0A21EA11879} = {D1A91788-E45E-43E6-914B-D2912D5A081C}
		{24C4EBCF-53B7-4303-B847-401E1D19D053} = {5EEDDC10-4595-4D03-BBC4-CCF84D3C9858}
		{A0CB0304-EC5D-4D15-A430-EE4C9332C704} = {24C4EBCF-53B7-4303-B847-401E1D19D053}
		{167177B4-808F-443D-94CC-FBE05837E8CF} = {24C4EBCF-53B7-4303-B847-401E1D19D053}
		{16C92DFD-C2BC-4B21-9B68-5857E2D6AF9E} = {24C4EBCF-53B7-4303-B847-401E1D19D053}
		{206B4B52-7B45-44D2-A4DF-A555D91AC66F} = {24C4EBCF-53B7-4303-B847-401E1D19D053}
		{285D9D8F-4420-488C-939F-B1A52783C58F} = {A0CB0304-EC5D-4D15-A430-EE4C9332C704}
		{7F1A89EE-9906-407D-8EA2-CD1F4D3CC156} = {16C92DFD-C2BC-4B21-9B68-5857E2D6AF9E}
		{A2EDCECE-09AA-4A22-9FEC-C74F1727C5EC} = {206B4B52-7B45-44D2-A4DF-A555D91AC66F}
		{D9A41C0C-0FBE-43FB-B9F4-0403F0AEBCEA} = {34D27079-2CB0-4888-851B-A9A50C35FC87}
	EndGlobalSection
	GlobalSection(ExtensibilityGlobals) = postSolution
		SolutionGuid = {3CA96B15-F3FE-497F-A860-E956861BFC09}
	EndGlobalSection
EndGlobal
