
Microsoft Visual Studio Solution File, Format Version 12.00
# Visual Studio 15
VisualStudioVersion = 15.0.27130.2003
MinimumVisualStudioVersion = 10.0.40219.1
Project("{2150E333-8FDC-42A3-9474-1A3956D46DE8}") = "Domain", "Domain", "{34D27079-2CB0-4888-851B-A9A50C35FC87}"
EndProject
Project("{2150E333-8FDC-42A3-9474-1A3956D46DE8}") = "Infra.Bus", "Infra.Bus", "{C2923231-13B5-42E9-A8B8-284850794F22}"
EndProject
Project("{2150E333-8FDC-42A3-9474-1A3956D46DE8}") = "Infra.IoC", "Infra.IoC", "{D1A91788-E45E-43E6-914B-D2912D5A081C}"
EndProject
Project("{2150E333-8FDC-42A3-9474-1A3956D46DE8}") = "Microservices", "Microservices", "{5EEDDC10-4595-4D03-BBC4-CCF84D3C9858}"
EndProject
Project("{2150E333-8FDC-42A3-9474-1A3956D46DE8}") = "Presentation", "Presentation", "{CD44E909-6B3E-44FE-BA89-C311A47618AF}"
EndProject
Project("{9A19103F-16F7-4668-BE54-9A1E7A4F7556}") = "MicroRabbit.Domain.Core", "MicroRabbit.Domain.Core\MicroRabbit.Domain.Core.csproj", "{5E4A6F86-5FFD-4601-A6A8-34E75B6993D1}"
EndProject
Project("{FAE04EC0-301F-11D3-BF4B-00C04F79EFBC}") = "MicroRabbit.Infra.Bus", "MicroRabbit.Infra.Bus\MicroRabbit.Infra.Bus.csproj", "{BB63A1F6-444C-48F6-8953-BC17386FB472}"
EndProject
Global
	GlobalSection(SolutionConfigurationPlatforms) = preSolution
		Debug|Any CPU = Debug|Any CPU
		Release|Any CPU = Release|Any CPU
	EndGlobalSection
	GlobalSection(ProjectConfigurationPlatforms) = postSolution
		{5E4A6F86-5FFD-4601-A6A8-34E75B6993D1}.Debug|Any CPU.ActiveCfg = Debug|Any CPU
		{5E4A6F86-5FFD-4601-A6A8-34E75B6993D1}.Debug|Any CPU.Build.0 = Debug|Any CPU
		{5E4A6F86-5FFD-4601-A6A8-34E75B6993D1}.Release|Any CPU.ActiveCfg = Release|Any CPU
		{5E4A6F86-5FFD-4601-A6A8-34E75B6993D1}.Release|Any CPU.Build.0 = Release|Any CPU
		{BB63A1F6-444C-48F6-8953-BC17386FB472}.Debug|Any CPU.ActiveCfg = Debug|Any CPU
		{BB63A1F6-444C-48F6-8953-BC17386FB472}.Debug|Any CPU.Build.0 = Debug|Any CPU
		{BB63A1F6-444C-48F6-8953-BC17386FB472}.Release|Any CPU.ActiveCfg = Release|Any CPU
		{BB63A1F6-444C-48F6-8953-BC17386FB472}.Release|Any CPU.Build.0 = Release|Any CPU
	EndGlobalSection
	GlobalSection(SolutionProperties) = preSolution
		HideSolutionNode = FALSE
	EndGlobalSection
	GlobalSection(NestedProjects) = preSolution
		{5E4A6F86-5FFD-4601-A6A8-34E75B6993D1} = {34D27079-2CB0-4888-851B-A9A50C35FC87}
		{BB63A1F6-444C-48F6-8953-BC17386FB472} = {C2923231-13B5-42E9-A8B8-284850794F22}
	EndGlobalSection
	GlobalSection(ExtensibilityGlobals) = postSolution
		SolutionGuid = {3CA96B15-F3FE-497F-A860-E956861BFC09}
	EndGlobalSection
EndGlobal
